// !$*UTF8*$!
{
	archiveVersion = 1;
	classes = {
	};
	objectVersion = 50;
	objects = {

/* Begin PBXBuildFile section */
		5B11CA1C24D1D0AE001213CD /* AppDelegate.swift in Sources */ = {isa = PBXBuildFile; fileRef = 5B11CA1B24D1D0AE001213CD /* AppDelegate.swift */; };
		5B11CA1E24D1D0AE001213CD /* SceneDelegate.swift in Sources */ = {isa = PBXBuildFile; fileRef = 5B11CA1D24D1D0AE001213CD /* SceneDelegate.swift */; };
		5B11CA2024D1D0AE001213CD /* ContentView.swift in Sources */ = {isa = PBXBuildFile; fileRef = 5B11CA1F24D1D0AE001213CD /* ContentView.swift */; };
		5B11CA2224D1D0B0001213CD /* Assets.xcassets in Resources */ = {isa = PBXBuildFile; fileRef = 5B11CA2124D1D0B0001213CD /* Assets.xcassets */; };
		5B11CA2524D1D0B0001213CD /* Preview Assets.xcassets in Resources */ = {isa = PBXBuildFile; fileRef = 5B11CA2424D1D0B0001213CD /* Preview Assets.xcassets */; };
		5B11CA2824D1D0B0001213CD /* LaunchScreen.storyboard in Resources */ = {isa = PBXBuildFile; fileRef = 5B11CA2624D1D0B0001213CD /* LaunchScreen.storyboard */; };
		5B11CA3224D21BF8001213CD /* CellView_Old.swift in Sources */ = {isa = PBXBuildFile; fileRef = 5B11CA3124D21BF8001213CD /* CellView_Old.swift */; };
		5B11CA3424D23BBD001213CD /* Numpad.swift in Sources */ = {isa = PBXBuildFile; fileRef = 5B11CA3324D23BBD001213CD /* Numpad.swift */; };
		5B11CA3624D251FA001213CD /* ListCell_Old.swift in Sources */ = {isa = PBXBuildFile; fileRef = 5B11CA3524D251FA001213CD /* ListCell_Old.swift */; };
		5B11CA3824D25318001213CD /* Data.swift in Sources */ = {isa = PBXBuildFile; fileRef = 5B11CA3724D25318001213CD /* Data.swift */; };
		5B11CA3E24D3EA6C001213CD /* NumButton.swift in Sources */ = {isa = PBXBuildFile; fileRef = 5B11CA3D24D3EA6C001213CD /* NumButton.swift */; };
		5B11CA4024D5AEDE001213CD /* DotButton.swift in Sources */ = {isa = PBXBuildFile; fileRef = 5B11CA3F24D5AEDE001213CD /* DotButton.swift */; };
		5B11CA4224D5E94D001213CD /* UnDoButton.swift in Sources */ = {isa = PBXBuildFile; fileRef = 5B11CA4124D5E94D001213CD /* UnDoButton.swift */; };
		5B11CA4424D601E4001213CD /* PlusButton.swift in Sources */ = {isa = PBXBuildFile; fileRef = 5B11CA4324D601E4001213CD /* PlusButton.swift */; };
		5B11CA4624D60D3D001213CD /* PlusView.swift in Sources */ = {isa = PBXBuildFile; fileRef = 5B11CA4524D60D3D001213CD /* PlusView.swift */; };
		5B34E6BE24D98EDA002BCE19 /* ListCell.swift in Sources */ = {isa = PBXBuildFile; fileRef = 5B34E6BD24D98EDA002BCE19 /* ListCell.swift */; };
		5B34E6C024D9913A002BCE19 /* CellView.swift in Sources */ = {isa = PBXBuildFile; fileRef = 5B34E6BF24D9913A002BCE19 /* CellView.swift */; };
		5B34E6C224D9F7BB002BCE19 /* MainView_Old.swift in Sources */ = {isa = PBXBuildFile; fileRef = 5B34E6C124D9F7BB002BCE19 /* MainView_Old.swift */; };
		5B34E6EF24DE1DC0002BCE19 /* CellViewNEW.swift in Sources */ = {isa = PBXBuildFile; fileRef = 5B34E6EE24DE1DC0002BCE19 /* CellViewNEW.swift */; };
		5B34E6F124DE1E89002BCE19 /* ListCellNEW.swift in Sources */ = {isa = PBXBuildFile; fileRef = 5B34E6F024DE1E89002BCE19 /* ListCellNEW.swift */; };
		5B34E6F324DE1ED7002BCE19 /* MainView.swift in Sources */ = {isa = PBXBuildFile; fileRef = 5B34E6F224DE1ED7002BCE19 /* MainView.swift */; };
		5BD1CAAB24DE243C00E3C1E2 /* PlusViewNEW.swift in Sources */ = {isa = PBXBuildFile; fileRef = 5BD1CAAA24DE243C00E3C1E2 /* PlusViewNEW.swift */; };
		5BD1CAAD24DE248E00E3C1E2 /* PlusButtonNEW.swift in Sources */ = {isa = PBXBuildFile; fileRef = 5BD1CAAC24DE248E00E3C1E2 /* PlusButtonNEW.swift */; };
		5BD1CAB024E4903100E3C1E2 /* InfoWindow.swift in Sources */ = {isa = PBXBuildFile; fileRef = 5BD1CAAF24E4903100E3C1E2 /* InfoWindow.swift */; };
		5BD1CAB224E4A67300E3C1E2 /* AddView.swift in Sources */ = {isa = PBXBuildFile; fileRef = 5BD1CAB124E4A67300E3C1E2 /* AddView.swift */; };
		5BD1CAB424E6C4D800E3C1E2 /* NEWContentView.swift in Sources */ = {isa = PBXBuildFile; fileRef = 5BD1CAB324E6C4D800E3C1E2 /* NEWContentView.swift */; };
/* End PBXBuildFile section */

/* Begin PBXFileReference section */
		5B11CA1824D1D0AE001213CD /* SpendIt.app */ = {isa = PBXFileReference; explicitFileType = wrapper.application; includeInIndex = 0; path = SpendIt.app; sourceTree = BUILT_PRODUCTS_DIR; };
		5B11CA1B24D1D0AE001213CD /* AppDelegate.swift */ = {isa = PBXFileReference; lastKnownFileType = sourcecode.swift; path = AppDelegate.swift; sourceTree = "<group>"; };
		5B11CA1D24D1D0AE001213CD /* SceneDelegate.swift */ = {isa = PBXFileReference; lastKnownFileType = sourcecode.swift; path = SceneDelegate.swift; sourceTree = "<group>"; };
		5B11CA1F24D1D0AE001213CD /* ContentView.swift */ = {isa = PBXFileReference; lastKnownFileType = sourcecode.swift; path = ContentView.swift; sourceTree = "<group>"; };
		5B11CA2124D1D0B0001213CD /* Assets.xcassets */ = {isa = PBXFileReference; lastKnownFileType = folder.assetcatalog; path = Assets.xcassets; sourceTree = "<group>"; };
		5B11CA2424D1D0B0001213CD /* Preview Assets.xcassets */ = {isa = PBXFileReference; lastKnownFileType = folder.assetcatalog; path = "Preview Assets.xcassets"; sourceTree = "<group>"; };
		5B11CA2724D1D0B0001213CD /* Base */ = {isa = PBXFileReference; lastKnownFileType = file.storyboard; name = Base; path = Base.lproj/LaunchScreen.storyboard; sourceTree = "<group>"; };
		5B11CA2924D1D0B0001213CD /* Info.plist */ = {isa = PBXFileReference; lastKnownFileType = text.plist.xml; path = Info.plist; sourceTree = "<group>"; };
		5B11CA3124D21BF8001213CD /* CellView_Old.swift */ = {isa = PBXFileReference; lastKnownFileType = sourcecode.swift; path = CellView_Old.swift; sourceTree = "<group>"; };
		5B11CA3324D23BBD001213CD /* Numpad.swift */ = {isa = PBXFileReference; lastKnownFileType = sourcecode.swift; path = Numpad.swift; sourceTree = "<group>"; };
		5B11CA3524D251FA001213CD /* ListCell_Old.swift */ = {isa = PBXFileReference; lastKnownFileType = sourcecode.swift; path = ListCell_Old.swift; sourceTree = "<group>"; };
		5B11CA3724D25318001213CD /* Data.swift */ = {isa = PBXFileReference; lastKnownFileType = sourcecode.swift; path = Data.swift; sourceTree = "<group>"; };
		5B11CA3D24D3EA6C001213CD /* NumButton.swift */ = {isa = PBXFileReference; lastKnownFileType = sourcecode.swift; path = NumButton.swift; sourceTree = "<group>"; };
		5B11CA3F24D5AEDE001213CD /* DotButton.swift */ = {isa = PBXFileReference; lastKnownFileType = sourcecode.swift; path = DotButton.swift; sourceTree = "<group>"; };
		5B11CA4124D5E94D001213CD /* UnDoButton.swift */ = {isa = PBXFileReference; lastKnownFileType = sourcecode.swift; path = UnDoButton.swift; sourceTree = "<group>"; };
		5B11CA4324D601E4001213CD /* PlusButton.swift */ = {isa = PBXFileReference; lastKnownFileType = sourcecode.swift; path = PlusButton.swift; sourceTree = "<group>"; };
		5B11CA4524D60D3D001213CD /* PlusView.swift */ = {isa = PBXFileReference; lastKnownFileType = sourcecode.swift; path = PlusView.swift; sourceTree = "<group>"; };
		5B34E6BD24D98EDA002BCE19 /* ListCell.swift */ = {isa = PBXFileReference; lastKnownFileType = sourcecode.swift; path = ListCell.swift; sourceTree = "<group>"; };
		5B34E6BF24D9913A002BCE19 /* CellView.swift */ = {isa = PBXFileReference; lastKnownFileType = sourcecode.swift; path = CellView.swift; sourceTree = "<group>"; };
		5B34E6C124D9F7BB002BCE19 /* MainView_Old.swift */ = {isa = PBXFileReference; lastKnownFileType = sourcecode.swift; path = MainView_Old.swift; sourceTree = "<group>"; };
		5B34E6EE24DE1DC0002BCE19 /* CellViewNEW.swift */ = {isa = PBXFileReference; lastKnownFileType = sourcecode.swift; path = CellViewNEW.swift; sourceTree = "<group>"; };
		5B34E6F024DE1E89002BCE19 /* ListCellNEW.swift */ = {isa = PBXFileReference; lastKnownFileType = sourcecode.swift; path = ListCellNEW.swift; sourceTree = "<group>"; };
		5B34E6F224DE1ED7002BCE19 /* MainView.swift */ = {isa = PBXFileReference; lastKnownFileType = sourcecode.swift; path = MainView.swift; sourceTree = "<group>"; };
		5BD1CAAA24DE243C00E3C1E2 /* PlusViewNEW.swift */ = {isa = PBXFileReference; lastKnownFileType = sourcecode.swift; path = PlusViewNEW.swift; sourceTree = "<group>"; };
		5BD1CAAC24DE248E00E3C1E2 /* PlusButtonNEW.swift */ = {isa = PBXFileReference; lastKnownFileType = sourcecode.swift; path = PlusButtonNEW.swift; sourceTree = "<group>"; };
		5BD1CAAF24E4903100E3C1E2 /* InfoWindow.swift */ = {isa = PBXFileReference; lastKnownFileType = sourcecode.swift; path = InfoWindow.swift; sourceTree = "<group>"; };
		5BD1CAB124E4A67300E3C1E2 /* AddView.swift */ = {isa = PBXFileReference; lastKnownFileType = sourcecode.swift; path = AddView.swift; sourceTree = "<group>"; };
		5BD1CAB324E6C4D800E3C1E2 /* NEWContentView.swift */ = {isa = PBXFileReference; lastKnownFileType = sourcecode.swift; path = NEWContentView.swift; sourceTree = "<group>"; };
/* End PBXFileReference section */

/* Begin PBXFrameworksBuildPhase section */
		5B11CA1524D1D0AE001213CD /* Frameworks */ = {
			isa = PBXFrameworksBuildPhase;
			buildActionMask = 2147483647;
			files = (
			);
			runOnlyForDeploymentPostprocessing = 0;
		};
/* End PBXFrameworksBuildPhase section */

/* Begin PBXGroup section */
		5B11CA0F24D1D0AE001213CD = {
			isa = PBXGroup;
			children = (
				5B11CA1A24D1D0AE001213CD /* SpendIt */,
				5B11CA1924D1D0AE001213CD /* Products */,
			);
			sourceTree = "<group>";
		};
		5B11CA1924D1D0AE001213CD /* Products */ = {
			isa = PBXGroup;
			children = (
				5B11CA1824D1D0AE001213CD /* SpendIt.app */,
			);
			name = Products;
			sourceTree = "<group>";
		};
		5B11CA1A24D1D0AE001213CD /* SpendIt */ = {
			isa = PBXGroup;
			children = (
				5BD1CAAE24DE253D00E3C1E2 /* Doesn't work */,
				5B11CA1B24D1D0AE001213CD /* AppDelegate.swift */,
				5B11CA1D24D1D0AE001213CD /* SceneDelegate.swift */,
				5B11CA1F24D1D0AE001213CD /* ContentView.swift */,
				5BD1CAAF24E4903100E3C1E2 /* InfoWindow.swift */,
				5B11CA4324D601E4001213CD /* PlusButton.swift */,
				5B11CA4524D60D3D001213CD /* PlusView.swift */,
				5B34E6BD24D98EDA002BCE19 /* ListCell.swift */,
				5B34E6BF24D9913A002BCE19 /* CellView.swift */,
				5B11CA3724D25318001213CD /* Data.swift */,
				5B11CA3324D23BBD001213CD /* Numpad.swift */,
				5B11CA3D24D3EA6C001213CD /* NumButton.swift */,
				5B11CA3F24D5AEDE001213CD /* DotButton.swift */,
				5B11CA4124D5E94D001213CD /* UnDoButton.swift */,
				5B1E082B24D847C500DEF0CD /* oldViews */,
				5B11CA2124D1D0B0001213CD /* Assets.xcassets */,
				5B11CA2624D1D0B0001213CD /* LaunchScreen.storyboard */,
				5B11CA2924D1D0B0001213CD /* Info.plist */,
				5B11CA2324D1D0B0001213CD /* Preview Content */,
			);
			path = SpendIt;
			sourceTree = "<group>";
		};
		5B11CA2324D1D0B0001213CD /* Preview Content */ = {
			isa = PBXGroup;
			children = (
				5B11CA2424D1D0B0001213CD /* Preview Assets.xcassets */,
			);
			path = "Preview Content";
			sourceTree = "<group>";
		};
		5B1E082B24D847C500DEF0CD /* oldViews */ = {
			isa = PBXGroup;
			children = (
				5B34E6C124D9F7BB002BCE19 /* MainView_Old.swift */,
				5B11CA3524D251FA001213CD /* ListCell_Old.swift */,
				5B11CA3124D21BF8001213CD /* CellView_Old.swift */,
			);
			path = oldViews;
			sourceTree = "<group>";
		};
		5BD1CAAE24DE253D00E3C1E2 /* Doesn't work */ = {
			isa = PBXGroup;
			children = (
				5BD1CAB324E6C4D800E3C1E2 /* NEWContentView.swift */,
				5BD1CAB124E4A67300E3C1E2 /* AddView.swift */,
				5B34E6F224DE1ED7002BCE19 /* MainView.swift */,
				5BD1CAAC24DE248E00E3C1E2 /* PlusButtonNEW.swift */,
				5BD1CAAA24DE243C00E3C1E2 /* PlusViewNEW.swift */,
				5B34E6F024DE1E89002BCE19 /* ListCellNEW.swift */,
				5B34E6EE24DE1DC0002BCE19 /* CellViewNEW.swift */,
			);
			path = "Doesn't work";
			sourceTree = "<group>";
		};
/* End PBXGroup section */

/* Begin PBXNativeTarget section */
		5B11CA1724D1D0AE001213CD /* SpendIt */ = {
			isa = PBXNativeTarget;
			buildConfigurationList = 5B11CA2C24D1D0B0001213CD /* Build configuration list for PBXNativeTarget "SpendIt" */;
			buildPhases = (
				5B11CA1424D1D0AE001213CD /* Sources */,
				5B11CA1524D1D0AE001213CD /* Frameworks */,
				5B11CA1624D1D0AE001213CD /* Resources */,
			);
			buildRules = (
			);
			dependencies = (
			);
			name = SpendIt;
			productName = dataTest;
			productReference = 5B11CA1824D1D0AE001213CD /* SpendIt.app */;
			productType = "com.apple.product-type.application";
		};
/* End PBXNativeTarget section */

/* Begin PBXProject section */
		5B11CA1024D1D0AE001213CD /* Project object */ = {
			isa = PBXProject;
			attributes = {
				LastSwiftUpdateCheck = 1130;
				LastUpgradeCheck = 1130;
				ORGANIZATIONNAME = "Дмитрий Докукин";
				TargetAttributes = {
					5B11CA1724D1D0AE001213CD = {
						CreatedOnToolsVersion = 11.3;
					};
				};
			};
			buildConfigurationList = 5B11CA1324D1D0AE001213CD /* Build configuration list for PBXProject "SpendIt" */;
			compatibilityVersion = "Xcode 9.3";
			developmentRegion = en;
			hasScannedForEncodings = 0;
			knownRegions = (
				en,
				Base,
			);
			mainGroup = 5B11CA0F24D1D0AE001213CD;
			productRefGroup = 5B11CA1924D1D0AE001213CD /* Products */;
			projectDirPath = "";
			projectRoot = "";
			targets = (
				5B11CA1724D1D0AE001213CD /* SpendIt */,
			);
		};
/* End PBXProject section */

/* Begin PBXResourcesBuildPhase section */
		5B11CA1624D1D0AE001213CD /* Resources */ = {
			isa = PBXResourcesBuildPhase;
			buildActionMask = 2147483647;
			files = (
				5B11CA2824D1D0B0001213CD /* LaunchScreen.storyboard in Resources */,
				5B11CA2524D1D0B0001213CD /* Preview Assets.xcassets in Resources */,
				5B11CA2224D1D0B0001213CD /* Assets.xcassets in Resources */,
			);
			runOnlyForDeploymentPostprocessing = 0;
		};
/* End PBXResourcesBuildPhase section */

/* Begin PBXSourcesBuildPhase section */
		5B11CA1424D1D0AE001213CD /* Sources */ = {
			isa = PBXSourcesBuildPhase;
			buildActionMask = 2147483647;
			files = (
				5B11CA4424D601E4001213CD /* PlusButton.swift in Sources */,
				5B34E6F324DE1ED7002BCE19 /* MainView.swift in Sources */,
				5B34E6EF24DE1DC0002BCE19 /* CellViewNEW.swift in Sources */,
				5BD1CAAB24DE243C00E3C1E2 /* PlusViewNEW.swift in Sources */,
				5B11CA4024D5AEDE001213CD /* DotButton.swift in Sources */,
				5B11CA3824D25318001213CD /* Data.swift in Sources */,
				5BD1CAB224E4A67300E3C1E2 /* AddView.swift in Sources */,
				5B34E6F124DE1E89002BCE19 /* ListCellNEW.swift in Sources */,
				5BD1CAB424E6C4D800E3C1E2 /* NEWContentView.swift in Sources */,
				5B11CA3224D21BF8001213CD /* CellView_Old.swift in Sources */,
				5B11CA4224D5E94D001213CD /* UnDoButton.swift in Sources */,
				5B11CA1C24D1D0AE001213CD /* AppDelegate.swift in Sources */,
				5B11CA3424D23BBD001213CD /* Numpad.swift in Sources */,
				5B11CA3624D251FA001213CD /* ListCell_Old.swift in Sources */,
				5BD1CAAD24DE248E00E3C1E2 /* PlusButtonNEW.swift in Sources */,
				5B34E6BE24D98EDA002BCE19 /* ListCell.swift in Sources */,
				5B11CA4624D60D3D001213CD /* PlusView.swift in Sources */,
				5B11CA1E24D1D0AE001213CD /* SceneDelegate.swift in Sources */,
				5B11CA3E24D3EA6C001213CD /* NumButton.swift in Sources */,
				5B34E6C024D9913A002BCE19 /* CellView.swift in Sources */,
				5B34E6C224D9F7BB002BCE19 /* MainView_Old.swift in Sources */,
				5B11CA2024D1D0AE001213CD /* ContentView.swift in Sources */,
				5BD1CAB024E4903100E3C1E2 /* InfoWindow.swift in Sources */,
			);
			runOnlyForDeploymentPostprocessing = 0;
		};
/* End PBXSourcesBuildPhase section */

/* Begin PBXVariantGroup section */
		5B11CA2624D1D0B0001213CD /* LaunchScreen.storyboard */ = {
			isa = PBXVariantGroup;
			children = (
				5B11CA2724D1D0B0001213CD /* Base */,
			);
			name = LaunchScreen.storyboard;
			sourceTree = "<group>";
		};
/* End PBXVariantGroup section */

/* Begin XCBuildConfiguration section */
		5B11CA2A24D1D0B0001213CD /* Debug */ = {
			isa = XCBuildConfiguration;
			buildSettings = {
				ALWAYS_SEARCH_USER_PATHS = NO;
				CLANG_ANALYZER_NONNULL = YES;
				CLANG_ANALYZER_NUMBER_OBJECT_CONVERSION = YES_AGGRESSIVE;
				CLANG_CXX_LANGUAGE_STANDARD = "gnu++14";
				CLANG_CXX_LIBRARY = "libc++";
				CLANG_ENABLE_MODULES = YES;
				CLANG_ENABLE_OBJC_ARC = YES;
				CLANG_ENABLE_OBJC_WEAK = YES;
				CLANG_WARN_BLOCK_CAPTURE_AUTORELEASING = YES;
				CLANG_WARN_BOOL_CONVERSION = YES;
				CLANG_WARN_COMMA = YES;
				CLANG_WARN_CONSTANT_CONVERSION = YES;
				CLANG_WARN_DEPRECATED_OBJC_IMPLEMENTATIONS = YES;
				CLANG_WARN_DIRECT_OBJC_ISA_USAGE = YES_ERROR;
				CLANG_WARN_DOCUMENTATION_COMMENTS = YES;
				CLANG_WARN_EMPTY_BODY = YES;
				CLANG_WARN_ENUM_CONVERSION = YES;
				CLANG_WARN_INFINITE_RECURSION = YES;
				CLANG_WARN_INT_CONVERSION = YES;
				CLANG_WARN_NON_LITERAL_NULL_CONVERSION = YES;
				CLANG_WARN_OBJC_IMPLICIT_RETAIN_SELF = YES;
				CLANG_WARN_OBJC_LITERAL_CONVERSION = YES;
				CLANG_WARN_OBJC_ROOT_CLASS = YES_ERROR;
				CLANG_WARN_RANGE_LOOP_ANALYSIS = YES;
				CLANG_WARN_STRICT_PROTOTYPES = YES;
				CLANG_WARN_SUSPICIOUS_MOVE = YES;
				CLANG_WARN_UNGUARDED_AVAILABILITY = YES_AGGRESSIVE;
				CLANG_WARN_UNREACHABLE_CODE = YES;
				CLANG_WARN__DUPLICATE_METHOD_MATCH = YES;
				COPY_PHASE_STRIP = NO;
				DEBUG_INFORMATION_FORMAT = dwarf;
				ENABLE_STRICT_OBJC_MSGSEND = YES;
				ENABLE_TESTABILITY = YES;
				GCC_C_LANGUAGE_STANDARD = gnu11;
				GCC_DYNAMIC_NO_PIC = NO;
				GCC_NO_COMMON_BLOCKS = YES;
				GCC_OPTIMIZATION_LEVEL = 0;
				GCC_PREPROCESSOR_DEFINITIONS = (
					"DEBUG=1",
					"$(inherited)",
				);
				GCC_WARN_64_TO_32_BIT_CONVERSION = YES;
				GCC_WARN_ABOUT_RETURN_TYPE = YES_ERROR;
				GCC_WARN_UNDECLARED_SELECTOR = YES;
				GCC_WARN_UNINITIALIZED_AUTOS = YES_AGGRESSIVE;
				GCC_WARN_UNUSED_FUNCTION = YES;
				GCC_WARN_UNUSED_VARIABLE = YES;
				IPHONEOS_DEPLOYMENT_TARGET = 13.2;
				MTL_ENABLE_DEBUG_INFO = INCLUDE_SOURCE;
				MTL_FAST_MATH = YES;
				ONLY_ACTIVE_ARCH = YES;
				SDKROOT = iphoneos;
				SWIFT_ACTIVE_COMPILATION_CONDITIONS = DEBUG;
				SWIFT_OPTIMIZATION_LEVEL = "-Onone";
			};
			name = Debug;
		};
		5B11CA2B24D1D0B0001213CD /* Release */ = {
			isa = XCBuildConfiguration;
			buildSettings = {
				ALWAYS_SEARCH_USER_PATHS = NO;
				CLANG_ANALYZER_NONNULL = YES;
				CLANG_ANALYZER_NUMBER_OBJECT_CONVERSION = YES_AGGRESSIVE;
				CLANG_CXX_LANGUAGE_STANDARD = "gnu++14";
				CLANG_CXX_LIBRARY = "libc++";
				CLANG_ENABLE_MODULES = YES;
				CLANG_ENABLE_OBJC_ARC = YES;
				CLANG_ENABLE_OBJC_WEAK = YES;
				CLANG_WARN_BLOCK_CAPTURE_AUTORELEASING = YES;
				CLANG_WARN_BOOL_CONVERSION = YES;
				CLANG_WARN_COMMA = YES;
				CLANG_WARN_CONSTANT_CONVERSION = YES;
				CLANG_WARN_DEPRECATED_OBJC_IMPLEMENTATIONS = YES;
				CLANG_WARN_DIRECT_OBJC_ISA_USAGE = YES_ERROR;
				CLANG_WARN_DOCUMENTATION_COMMENTS = YES;
				CLANG_WARN_EMPTY_BODY = YES;
				CLANG_WARN_ENUM_CONVERSION = YES;
				CLANG_WARN_INFINITE_RECURSION = YES;
				CLANG_WARN_INT_CONVERSION = YES;
				CLANG_WARN_NON_LITERAL_NULL_CONVERSION = YES;
				CLANG_WARN_OBJC_IMPLICIT_RETAIN_SELF = YES;
				CLANG_WARN_OBJC_LITERAL_CONVERSION = YES;
				CLANG_WARN_OBJC_ROOT_CLASS = YES_ERROR;
				CLANG_WARN_RANGE_LOOP_ANALYSIS = YES;
				CLANG_WARN_STRICT_PROTOTYPES = YES;
				CLANG_WARN_SUSPICIOUS_MOVE = YES;
				CLANG_WARN_UNGUARDED_AVAILABILITY = YES_AGGRESSIVE;
				CLANG_WARN_UNREACHABLE_CODE = YES;
				CLANG_WARN__DUPLICATE_METHOD_MATCH = YES;
				COPY_PHASE_STRIP = NO;
				DEBUG_INFORMATION_FORMAT = "dwarf-with-dsym";
				ENABLE_NS_ASSERTIONS = NO;
				ENABLE_STRICT_OBJC_MSGSEND = YES;
				GCC_C_LANGUAGE_STANDARD = gnu11;
				GCC_NO_COMMON_BLOCKS = YES;
				GCC_WARN_64_TO_32_BIT_CONVERSION = YES;
				GCC_WARN_ABOUT_RETURN_TYPE = YES_ERROR;
				GCC_WARN_UNDECLARED_SELECTOR = YES;
				GCC_WARN_UNINITIALIZED_AUTOS = YES_AGGRESSIVE;
				GCC_WARN_UNUSED_FUNCTION = YES;
				GCC_WARN_UNUSED_VARIABLE = YES;
				IPHONEOS_DEPLOYMENT_TARGET = 13.2;
				MTL_ENABLE_DEBUG_INFO = NO;
				MTL_FAST_MATH = YES;
				SDKROOT = iphoneos;
				SWIFT_COMPILATION_MODE = wholemodule;
				SWIFT_OPTIMIZATION_LEVEL = "-O";
				VALIDATE_PRODUCT = YES;
			};
			name = Release;
		};
		5B11CA2D24D1D0B0001213CD /* Debug */ = {
			isa = XCBuildConfiguration;
			buildSettings = {
				ASSETCATALOG_COMPILER_APPICON_NAME = AppIcon;
				CODE_SIGN_STYLE = Automatic;
				DEVELOPMENT_ASSET_PATHS = "SpendIt/Preview Content\"";
				DEVELOPMENT_TEAM = 9V5AF78XT7;
				ENABLE_PREVIEWS = YES;
				INFOPLIST_FILE = SpendIt/Info.plist;
				LD_RUNPATH_SEARCH_PATHS = (
					"$(inherited)",
					"@executable_path/Frameworks",
				);
				PRODUCT_BUNDLE_IDENTIFIER = Dmitry.SpendIt;
				PRODUCT_NAME = "$(TARGET_NAME)";
				SWIFT_VERSION = 5.0;
				TARGETED_DEVICE_FAMILY = 1;
			};
			name = Debug;
		};
		5B11CA2E24D1D0B0001213CD /* Release */ = {
			isa = XCBuildConfiguration;
			buildSettings = {
				ASSETCATALOG_COMPILER_APPICON_NAME = AppIcon;
				CODE_SIGN_STYLE = Automatic;
				DEVELOPMENT_ASSET_PATHS = "SpendIt/Preview Content\"";
				DEVELOPMENT_TEAM = 9V5AF78XT7;
				ENABLE_PREVIEWS = YES;
				INFOPLIST_FILE = SpendIt/Info.plist;
				LD_RUNPATH_SEARCH_PATHS = (
					"$(inherited)",
					"@executable_path/Frameworks",
				);
				PRODUCT_BUNDLE_IDENTIFIER = Dmitry.SpendIt;
				PRODUCT_NAME = "$(TARGET_NAME)";
				SWIFT_VERSION = 5.0;
				TARGETED_DEVICE_FAMILY = 1;
			};
			name = Release;
		};
/* End XCBuildConfiguration section */

/* Begin XCConfigurationList section */
		5B11CA1324D1D0AE001213CD /* Build configuration list for PBXProject "SpendIt" */ = {
			isa = XCConfigurationList;
			buildConfigurations = (
				5B11CA2A24D1D0B0001213CD /* Debug */,
				5B11CA2B24D1D0B0001213CD /* Release */,
			);
			defaultConfigurationIsVisible = 0;
			defaultConfigurationName = Release;
		};
		5B11CA2C24D1D0B0001213CD /* Build configuration list for PBXNativeTarget "SpendIt" */ = {
			isa = XCConfigurationList;
			buildConfigurations = (
				5B11CA2D24D1D0B0001213CD /* Debug */,
				5B11CA2E24D1D0B0001213CD /* Release */,
			);
			defaultConfigurationIsVisible = 0;
			defaultConfigurationName = Release;
		};
/* End XCConfigurationList section */
	};
	rootObject = 5B11CA1024D1D0AE001213CD /* Project object */;
}
